Microsoft Visual Studio Solution File, Format Version 12.00
# Visual Studio 2012
Project("{FAE04EC0-301F-11D3-BF4B-00C04F79EFBC}") = "10-first Person Controller", "10-first Person Controller.csproj", "{EF39345C-488E-4409-AD54-C3D87272CFB6}"
EndProject
Global
	GlobalSection(SolutionConfigurationPlatforms) = preSolution
	Debug|Any CPU = Debug|Any CPU
	ExportDebug|Any CPU = ExportDebug|Any CPU
	ExportRelease|Any CPU = ExportRelease|Any CPU
	EndGlobalSection
	GlobalSection(ProjectConfigurationPlatforms) = postSolution
		{EF39345C-488E-4409-AD54-C3D87272CFB6}.Debug|Any CPU.ActiveCfg = Debug|Any CPU
		{EF39345C-488E-4409-AD54-C3D87272CFB6}.Debug|Any CPU.Build.0 = Debug|Any CPU
		{EF39345C-488E-4409-AD54-C3D87272CFB6}.ExportDebug|Any CPU.ActiveCfg = ExportDebug|Any CPU
		{EF39345C-488E-4409-AD54-C3D87272CFB6}.ExportDebug|Any CPU.Build.0 = ExportDebug|Any CPU
		{EF39345C-488E-4409-AD54-C3D87272CFB6}.ExportRelease|Any CPU.ActiveCfg = ExportRelease|Any CPU
		{EF39345C-488E-4409-AD54-C3D87272CFB6}.ExportRelease|Any CPU.Build.0 = ExportRelease|Any CPU
	EndGlobalSection
EndGlobal
